Microsoft Visual Studio Solution File, Format Version 12.00
# Visual Studio 15
Project("{8BC9CEB8-8B4A-11D0-8D11-00A0C91BC942}") = "ALL_BUILD", "ALL_BUILD.vcxproj", "{143777FC-65CA-392C-B235-F88D2F57A65E}"
	ProjectSection(ProjectDependencies) = postProject
		{13FD82BE-0108-300C-8496-18A0809AF30C} = {13FD82BE-0108-300C-8496-18A0809AF30C}
		{6D7ED130-6B3D-31D8-A39F-2CC452883674} = {6D7ED130-6B3D-31D8-A39F-2CC452883674}
		{2E18C059-E30E-3248-B1C5-6C86A66BA83E} = {2E18C059-E30E-3248-B1C5-6C86A66BA83E}
	EndProjectSection
EndProject
Project("{8BC9CEB8-8B4A-11D0-8D11-00A0C91BC942}") = "Task", "Task.vcxproj", "{13FD82BE-0108-300C-8496-18A0809AF30C}"
	ProjectSection(ProjectDependencies) = postProject
		{6D7ED130-6B3D-31D8-A39F-2CC452883674} = {6D7ED130-6B3D-31D8-A39F-2CC452883674}
	EndProjectSection
EndProject
Project("{8BC9CEB8-8B4A-11D0-8D11-00A0C91BC942}") = "ZERO_CHECK", "ZERO_CHECK.vcxproj", "{6D7ED130-6B3D-31D8-A39F-2CC452883674}"
	ProjectSection(ProjectDependencies) = postProject
	EndProjectSection
EndProject
Project("{8BC9CEB8-8B4A-11D0-8D11-00A0C91BC942}") = "main", "main.vcxproj", "{2E18C059-E30E-3248-B1C5-6C86A66BA83E}"
	ProjectSection(ProjectDependencies) = postProject
		{13FD82BE-0108-300C-8496-18A0809AF30C} = {13FD82BE-0108-300C-8496-18A0809AF30C}
		{6D7ED130-6B3D-31D8-A39F-2CC452883674} = {6D7ED130-6B3D-31D8-A39F-2CC452883674}
	EndProjectSection
EndProject
Global
	GlobalSection(SolutionConfigurationPlatforms) = preSolution
		Debug|Win32 = Debug|Win32
		Release|Win32 = Release|Win32
		MinSizeRel|Win32 = MinSizeRel|Win32
		RelWithDebInfo|Win32 = RelWithDebInfo|Win32
	EndGlobalSection
	GlobalSection(ProjectConfigurationPlatforms) = postSolution
		{143777FC-65CA-392C-B235-F88D2F57A65E}.Debug|Win32.ActiveCfg = Debug|Win32
		{143777FC-65CA-392C-B235-F88D2F57A65E}.Release|Win32.ActiveCfg = Release|Win32
		{143777FC-65CA-392C-B235-F88D2F57A65E}.MinSizeRel|Win32.ActiveCfg = MinSizeRel|Win32
		{143777FC-65CA-392C-B235-F88D2F57A65E}.RelWithDebInfo|Win32.ActiveCfg = RelWithDebInfo|Win32
		{13FD82BE-0108-300C-8496-18A0809AF30C}.Debug|Win32.ActiveCfg = Debug|Win32
		{13FD82BE-0108-300C-8496-18A0809AF30C}.Debug|Win32.Build.0 = Debug|Win32
		{13FD82BE-0108-300C-8496-18A0809AF30C}.Release|Win32.ActiveCfg = Release|Win32
		{13FD82BE-0108-300C-8496-18A0809AF30C}.Release|Win32.Build.0 = Release|Win32
		{13FD82BE-0108-300C-8496-18A0809AF30C}.MinSizeRel|Win32.ActiveCfg = MinSizeRel|Win32
		{13FD82BE-0108-300C-8496-18A0809AF30C}.MinSizeRel|Win32.Build.0 = MinSizeRel|Win32
		{13FD82BE-0108-300C-8496-18A0809AF30C}.RelWithDebInfo|Win32.ActiveCfg = RelWithDebInfo|Win32
		{13FD82BE-0108-300C-8496-18A0809AF30C}.RelWithDebInfo|Win32.Build.0 = RelWithDebInfo|Win32
		{6D7ED130-6B3D-31D8-A39F-2CC452883674}.Debug|Win32.ActiveCfg = Debug|Win32
		{6D7ED130-6B3D-31D8-A39F-2CC452883674}.Debug|Win32.Build.0 = Debug|Win32
		{6D7ED130-6B3D-31D8-A39F-2CC452883674}.Release|Win32.ActiveCfg = Release|Win32
		{6D7ED130-6B3D-31D8-A39F-2CC452883674}.Release|Win32.Build.0 = Release|Win32
		{6D7ED130-6B3D-31D8-A39F-2CC452883674}.MinSizeRel|Win32.ActiveCfg = MinSizeRel|Win32
		{6D7ED130-6B3D-31D8-A39F-2CC452883674}.MinSizeRel|Win32.Build.0 = MinSizeRel|Win32
		{6D7ED130-6B3D-31D8-A39F-2CC452883674}.RelWithDebInfo|Win32.ActiveCfg = RelWithDebInfo|Win32
		{6D7ED130-6B3D-31D8-A39F-2CC452883674}.RelWithDebInfo|Win32.Build.0 = RelWithDebInfo|Win32
		{2E18C059-E30E-3248-B1C5-6C86A66BA83E}.Debug|Win32.ActiveCfg = Debug|Win32
		{2E18C059-E30E-3248-B1C5-6C86A66BA83E}.Debug|Win32.Build.0 = Debug|Win32
		{2E18C059-E30E-3248-B1C5-6C86A66BA83E}.Release|Win32.ActiveCfg = Release|Win32
		{2E18C059-E30E-3248-B1C5-6C86A66BA83E}.Release|Win32.Build.0 = Release|Win32
		{2E18C059-E30E-3248-B1C5-6C86A66BA83E}.MinSizeRel|Win32.ActiveCfg = MinSizeRel|Win32
		{2E18C059-E30E-3248-B1C5-6C86A66BA83E}.MinSizeRel|Win32.Build.0 = MinSizeRel|Win32
		{2E18C059-E30E-3248-B1C5-6C86A66BA83E}.RelWithDebInfo|Win32.ActiveCfg = RelWithDebInfo|Win32
		{2E18C059-E30E-3248-B1C5-6C86A66BA83E}.RelWithDebInfo|Win32.Build.0 = RelWithDebInfo|Win32
	EndGlobalSection
	GlobalSection(ExtensibilityGlobals) = postSolution
		SolutionGuid = {E7C19638-2DFD-3184-BE86-7B383C73EBDA}
	EndGlobalSection
	GlobalSection(ExtensibilityAddIns) = postSolution
	EndGlobalSection
EndGlobal
