<?xml version="1.0" encoding="utf-8"?>
<Project ToolsVersion="15.0" xmlns="http://schemas.microsoft.com/developer/msbuild/2003">
  <ItemGroup>
    <ClCompile Include="C:\Users\Герман\Desktop\Intership\Intern_cpp_Omber\002_JSON\main.cpp">
      <Filter>Source Files</Filter>
    </ClCompile>
  </ItemGroup>
  <ItemGroup>
    <CustomBuild Include="C:\Users\Герман\Desktop\Intership\Intern_cpp_Omber\002_JSON\CMakeLists.txt" />
  </ItemGroup>
  <ItemGroup>
    <Filter Include="Source Files">
      <UniqueIdentifier>{A2CD1101-0D8B-379F-8407-EA447AF2CAAB}</UniqueIdentifier>
    </Filter>
  </ItemGroup>
</Project>
