<?xml version="1.0" encoding="utf-8"?>
<Project ToolsVersion="15.0" xmlns="http://schemas.microsoft.com/developer/msbuild/2003">
  <ItemGroup>
    <CustomBuild Include="C:\Users\Герман\Desktop\Intership\Intern_cpp_Omber\002_JSON\CMakeFiles\2810ffebff241c7ddc8cb288c76f3314\generate.stamp.rule">
      <Filter>CMake Rules</Filter>
    </CustomBuild>
  </ItemGroup>
  <ItemGroup>
    <Filter Include="CMake Rules">
      <UniqueIdentifier>{A61F1838-5839-3497-B435-A9F3CF3CE676}</UniqueIdentifier>
    </Filter>
  </ItemGroup>
</Project>
